<?xml version="1.0" encoding="utf-8"?>
<Project ToolsVersion="4.0" xmlns="http://schemas.microsoft.com/developer/msbuild/2003">
  <ItemGroup>
    <Filter Include="collisions">
      <UniqueIdentifier>{e043dea4-2e32-4479-9db4-d402402d9dd9}</UniqueIdentifier>
    </Filter>
    <Filter Include="devices">
      <UniqueIdentifier>{930eadda-6a5c-4394-a68d-922911d76463}</UniqueIdentifier>
    </Filter>
    <Filter Include="display">
      <UniqueIdentifier>{f8257b32-eeee-4ed2-9822-1791cfb1a6ac}</UniqueIdentifier>
    </Filter>
    <Filter Include="effects">
      <UniqueIdentifier>{900a553c-c6e4-4d60-84a4-67a48e07a4db}</UniqueIdentifier>
    </Filter>
    <Filter Include="files">
      <UniqueIdentifier>{e4d78252-2cb0-4511-b44e-be99d789636e}</UniqueIdentifier>
    </Filter>
    <Filter Include="forces">
      <UniqueIdentifier>{d9898252-9a5f-43f1-af71-12276436db7f}</UniqueIdentifier>
    </Filter>
    <Filter Include="graphics">
      <UniqueIdentifier>{2b095592-bd2e-4ba5-a6f4-d8b8e90e9b37}</UniqueIdentifier>
    </Filter>
    <Filter Include="math">
      <UniqueIdentifier>{5d5c52bc-9cf1-40c1-b8e8-e92b7119295a}</UniqueIdentifier>
    </Filter>
    <Filter Include="scenegraph">
      <UniqueIdentifier>{c847f807-09bb-4b2b-aebb-84d3460f353a}</UniqueIdentifier>
    </Filter>
    <Filter Include="timers">
      <UniqueIdentifier>{c835ab29-a12c-4d28-91eb-c4b309bc7660}</UniqueIdentifier>
    </Filter>
    <Filter Include="tools">
      <UniqueIdentifier>{a807e070-baae-4468-bf05-c4589682f987}</UniqueIdentifier>
    </Filter>
    <Filter Include="widgets">
      <UniqueIdentifier>{a22b2cac-19b5-4fb7-9229-9d53811cb77a}</UniqueIdentifier>
    </Filter>
    <Filter Include="extras">
      <UniqueIdentifier>{f97c49f6-0d07-40e5-b081-d6618940554c}</UniqueIdentifier>
    </Filter>
    <Filter Include="module GEL">
      <UniqueIdentifier>{cd78bdd3-43ac-495d-bd3f-2bb79148fb68}</UniqueIdentifier>
    </Filter>
    <Filter Include="module ODE">
      <UniqueIdentifier>{e202f34d-17de-4244-bb49-15984ebcfc65}</UniqueIdentifier>
    </Filter>
  </ItemGroup>
  <ItemGroup>
    <ClCompile Include="..\..\src\collisions\CCollisionAABB.cpp">
      <Filter>collisions</Filter>
    </ClCompile>
    <ClCompile Include="..\..\src\collisions\CCollisionAABBBox.cpp">
      <Filter>collisions</Filter>
    </ClCompile>
    <ClCompile Include="..\..\src\collisions\CCollisionAABBTree.cpp">
      <Filter>collisions</Filter>
    </ClCompile>
    <ClCompile Include="..\..\src\collisions\CCollisionBasics.cpp">
      <Filter>collisions</Filter>
    </ClCompile>
    <ClCompile Include="..\..\src\collisions\CCollisionBrute.cpp">
      <Filter>collisions</Filter>
    </ClCompile>
    <ClCompile Include="..\..\src\collisions\CCollisionSpheres.cpp">
      <Filter>collisions</Filter>
    </ClCompile>
    <ClCompile Include="..\..\src\collisions\CCollisionSpheresGeometry.cpp">
      <Filter>collisions</Filter>
    </ClCompile>
    <ClCompile Include="..\..\src\collisions\CGenericCollision.cpp">
      <Filter>collisions</Filter>
    </ClCompile>
    <ClCompile Include="..\..\src\devices\CCallback.cpp">
      <Filter>devices</Filter>
    </ClCompile>
    <ClCompile Include="..\..\src\devices\CDeltaDevices.cpp">
      <Filter>devices</Filter>
    </ClCompile>
    <ClCompile Include="..\..\src\devices\CDriverSensoray626.cpp">
      <Filter>devices</Filter>
    </ClCompile>
    <ClCompile Include="..\..\src\devices\CDriverServotogo.cpp">
      <Filter>devices</Filter>
    </ClCompile>
    <ClCompile Include="..\..\src\devices\CFalconDevice.cpp">
      <Filter>devices</Filter>
    </ClCompile>
    <ClCompile Include="..\..\src\devices\CFreedom6SDevice.cpp">
      <Filter>devices</Filter>
    </ClCompile>
    <ClCompile Include="..\..\src\devices\CGenericDevice.cpp">
      <Filter>devices</Filter>
    </ClCompile>
    <ClCompile Include="..\..\src\devices\CGenericHapticDevice.cpp">
      <Filter>devices</Filter>
    </ClCompile>
    <ClCompile Include="..\..\src\devices\CHapticDeviceHandler.cpp">
      <Filter>devices</Filter>
    </ClCompile>
    <ClCompile Include="..\..\src\devices\CMyCustomDevice.cpp">
      <Filter>devices</Filter>
    </ClCompile>
    <ClCompile Include="..\..\src\devices\CPhantomDevices.cpp">
      <Filter>devices</Filter>
    </ClCompile>
    <ClCompile Include="..\..\src\devices\CVirtualDevice.cpp">
      <Filter>devices</Filter>
    </ClCompile>
    <ClCompile Include="..\..\src\display\CViewport.cpp">
      <Filter>display</Filter>
    </ClCompile>
    <ClCompile Include="..\..\src\effects\CEffectMagnet.cpp">
      <Filter>effects</Filter>
    </ClCompile>
    <ClCompile Include="..\..\src\effects\CEffectStickSlip.cpp">
      <Filter>effects</Filter>
    </ClCompile>
    <ClCompile Include="..\..\src\effects\CEffectSurface.cpp">
      <Filter>effects</Filter>
    </ClCompile>
    <ClCompile Include="..\..\src\effects\CEffectVibration.cpp">
      <Filter>effects</Filter>
    </ClCompile>
    <ClCompile Include="..\..\src\effects\CEffectViscosity.cpp">
      <Filter>effects</Filter>
    </ClCompile>
    <ClCompile Include="..\..\src\effects\CGenericEffect.cpp">
      <Filter>effects</Filter>
    </ClCompile>
    <ClCompile Include="..\..\src\files\CFileLoader3DS.cpp">
      <Filter>files</Filter>
    </ClCompile>
    <ClCompile Include="..\..\src\files\CFileLoaderBMP.cpp">
      <Filter>files</Filter>
    </ClCompile>
    <ClCompile Include="..\..\src\files\CFileLoaderOBJ.cpp">
      <Filter>files</Filter>
    </ClCompile>
    <ClCompile Include="..\..\src\files\CFileLoaderTGA.cpp">
      <Filter>files</Filter>
    </ClCompile>
    <ClCompile Include="..\..\src\files\CImageLoader.cpp">
      <Filter>files</Filter>
    </ClCompile>
    <ClCompile Include="..\..\src\files\CMeshLoader.cpp">
      <Filter>files</Filter>
    </ClCompile>
    <ClCompile Include="..\..\src\forces\CGenericPointForceAlgo.cpp">
      <Filter>forces</Filter>
    </ClCompile>
    <ClCompile Include="..\..\src\forces\CInteractionBasics.cpp">
      <Filter>forces</Filter>
    </ClCompile>
    <ClCompile Include="..\..\src\forces\CPotentialFieldForceAlgo.cpp">
      <Filter>forces</Filter>
    </ClCompile>
    <ClCompile Include="..\..\src\forces\CProxyPointForceAlgo.cpp">
      <Filter>forces</Filter>
    </ClCompile>
    <ClCompile Include="..\..\src\graphics\CColor.cpp">
      <Filter>graphics</Filter>
    </ClCompile>
    <ClCompile Include="..\..\src\graphics\CDraw3D.cpp">
      <Filter>graphics</Filter>
    </ClCompile>
    <ClCompile Include="..\..\src\graphics\CGenericTexture.cpp">
      <Filter>graphics</Filter>
    </ClCompile>
    <ClCompile Include="..\..\src\graphics\CMacrosGL.cpp">
      <Filter>graphics</Filter>
    </ClCompile>
    <ClCompile Include="..\..\src\graphics\CMaterial.cpp">
      <Filter>graphics</Filter>
    </ClCompile>
    <ClCompile Include="..\..\src\graphics\CTexture2D.cpp">
      <Filter>graphics</Filter>
    </ClCompile>
    <ClCompile Include="..\..\src\graphics\CTriangle.cpp">
      <Filter>graphics</Filter>
    </ClCompile>
    <ClCompile Include="..\..\src\graphics\CVertex.cpp">
      <Filter>graphics</Filter>
    </ClCompile>
    <ClCompile Include="..\..\src\math\CMaths.cpp">
      <Filter>math</Filter>
    </ClCompile>
    <ClCompile Include="..\..\src\math\CMatrix3d.cpp">
      <Filter>math</Filter>
    </ClCompile>
    <ClCompile Include="..\..\src\math\CQuaternion.cpp">
      <Filter>math</Filter>
    </ClCompile>
    <ClCompile Include="..\..\src\math\CString.cpp">
      <Filter>math</Filter>
    </ClCompile>
    <ClCompile Include="..\..\src\math\CVector3d.cpp">
      <Filter>math</Filter>
    </ClCompile>
    <ClCompile Include="..\..\src\scenegraph\CCamera.cpp">
      <Filter>scenegraph</Filter>
    </ClCompile>
    <ClCompile Include="..\..\src\scenegraph\CGenericObject.cpp">
      <Filter>scenegraph</Filter>
    </ClCompile>
    <ClCompile Include="..\..\src\scenegraph\CLight.cpp">
      <Filter>scenegraph</Filter>
    </ClCompile>
    <ClCompile Include="..\..\src\scenegraph\CMesh.cpp">
      <Filter>scenegraph</Filter>
    </ClCompile>
    <ClCompile Include="..\..\src\scenegraph\CShapeLine.cpp">
      <Filter>scenegraph</Filter>
    </ClCompile>
    <ClCompile Include="..\..\src\scenegraph\CShapeSphere.cpp">
      <Filter>scenegraph</Filter>
    </ClCompile>
    <ClCompile Include="..\..\src\scenegraph\CShapeTorus.cpp">
      <Filter>scenegraph</Filter>
    </ClCompile>
    <ClCompile Include="..\..\src\scenegraph\CWorld.cpp">
      <Filter>scenegraph</Filter>
    </ClCompile>
    <ClCompile Include="..\..\src\timers\CPrecisionClock.cpp">
      <Filter>timers</Filter>
    </ClCompile>
    <ClCompile Include="..\..\src\timers\CThread.cpp">
      <Filter>timers</Filter>
    </ClCompile>
    <ClCompile Include="..\..\src\tools\CGeneric3dofPointer.cpp">
      <Filter>tools</Filter>
    </ClCompile>
    <ClCompile Include="..\..\src\tools\CGenericTool.cpp">
      <Filter>tools</Filter>
    </ClCompile>
    <ClCompile Include="..\..\src\widgets\CBitmap.cpp">
      <Filter>widgets</Filter>
    </ClCompile>
    <ClCompile Include="..\..\src\widgets\CFont.cpp">
      <Filter>widgets</Filter>
    </ClCompile>
    <ClCompile Include="..\..\src\widgets\CLabel.cpp">
      <Filter>widgets</Filter>
    </ClCompile>
    <ClCompile Include="..\..\src\extras\CExtras.cpp">
      <Filter>extras</Filter>
    </ClCompile>
    <ClCompile Include="..\..\modules\Gel\CGELLinearSpring.cpp">
      <Filter>module GEL</Filter>
    </ClCompile>
    <ClCompile Include="..\..\modules\Gel\CGELMassParticle.cpp">
      <Filter>module GEL</Filter>
    </ClCompile>
    <ClCompile Include="..\..\modules\Gel\CGELMesh.cpp">
      <Filter>module GEL</Filter>
    </ClCompile>
    <ClCompile Include="..\..\modules\Gel\CGELSkeletonLink.cpp">
      <Filter>module GEL</Filter>
    </ClCompile>
    <ClCompile Include="..\..\modules\Gel\CGELSkeletonNode.cpp">
      <Filter>module GEL</Filter>
    </ClCompile>
    <ClCompile Include="..\..\modules\Gel\CGELVertex.cpp">
      <Filter>module GEL</Filter>
    </ClCompile>
    <ClCompile Include="..\..\modules\Gel\CGELWorld.cpp">
      <Filter>module GEL</Filter>
    </ClCompile>
    <ClCompile Include="..\..\modules\Ode\CODEGenericBody.cpp">
      <Filter>module ODE</Filter>
    </ClCompile>
    <ClCompile Include="..\..\modules\Ode\CODEWorld.cpp">
      <Filter>module ODE</Filter>
    </ClCompile>
  </ItemGroup>
  <ItemGroup>
    <ClInclude Include="..\..\src\collisions\CCollisionAABB.h">
      <Filter>collisions</Filter>
    </ClInclude>
    <ClInclude Include="..\..\src\collisions\CCollisionAABBBox.h">
      <Filter>collisions</Filter>
    </ClInclude>
    <ClInclude Include="..\..\src\collisions\CCollisionAABBTree.h">
      <Filter>collisions</Filter>
    </ClInclude>
    <ClInclude Include="..\..\src\collisions\CCollisionBasics.h">
      <Filter>collisions</Filter>
    </ClInclude>
    <ClInclude Include="..\..\src\collisions\CCollisionBrute.h">
      <Filter>collisions</Filter>
    </ClInclude>
    <ClInclude Include="..\..\src\collisions\CCollisionSpheres.h">
      <Filter>collisions</Filter>
    </ClInclude>
    <ClInclude Include="..\..\src\collisions\CCollisionSpheresGeometry.h">
      <Filter>collisions</Filter>
    </ClInclude>
    <ClInclude Include="..\..\src\collisions\CGenericCollision.h">
      <Filter>collisions</Filter>
    </ClInclude>
    <ClInclude Include="..\..\src\devices\CCallback.h">
      <Filter>devices</Filter>
    </ClInclude>
    <ClInclude Include="..\..\src\devices\CDeltaDevices.h">
      <Filter>devices</Filter>
    </ClInclude>
    <ClInclude Include="..\..\src\devices\CDriverSensoray626.h">
      <Filter>devices</Filter>
    </ClInclude>
    <ClInclude Include="..\..\src\devices\CDriverServotogo.h">
      <Filter>devices</Filter>
    </ClInclude>
    <ClInclude Include="..\..\src\devices\CFalconDevice.h">
      <Filter>devices</Filter>
    </ClInclude>
    <ClInclude Include="..\..\src\devices\CFreedom6SDevice.h">
      <Filter>devices</Filter>
    </ClInclude>
    <ClInclude Include="..\..\src\devices\CGenericDevice.h">
      <Filter>devices</Filter>
    </ClInclude>
    <ClInclude Include="..\..\src\devices\CGenericHapticDevice.h">
      <Filter>devices</Filter>
    </ClInclude>
    <ClInclude Include="..\..\src\devices\CHapticDeviceHandler.h">
      <Filter>devices</Filter>
    </ClInclude>
    <ClInclude Include="..\..\src\devices\CMyCustomDevice.h">
      <Filter>devices</Filter>
    </ClInclude>
    <ClInclude Include="..\..\src\devices\CPhantomDevices.h">
      <Filter>devices</Filter>
    </ClInclude>
    <ClInclude Include="..\..\src\devices\CVirtualDevice.h">
      <Filter>devices</Filter>
    </ClInclude>
    <ClInclude Include="..\..\src\display\CViewport.h">
      <Filter>display</Filter>
    </ClInclude>
    <ClInclude Include="..\..\src\effects\CEffectMagnet.h">
      <Filter>effects</Filter>
    </ClInclude>
    <ClInclude Include="..\..\src\effects\CEffectStickSlip.h">
      <Filter>effects</Filter>
    </ClInclude>
    <ClInclude Include="..\..\src\effects\CEffectSurface.h">
      <Filter>effects</Filter>
    </ClInclude>
    <ClInclude Include="..\..\src\effects\CEffectVibration.h">
      <Filter>effects</Filter>
    </ClInclude>
    <ClInclude Include="..\..\src\effects\CEffectViscosity.h">
      <Filter>effects</Filter>
    </ClInclude>
    <ClInclude Include="..\..\src\effects\CGenericEffect.h">
      <Filter>effects</Filter>
    </ClInclude>
    <ClInclude Include="..\..\src\files\CFileLoader3DS.h">
      <Filter>files</Filter>
    </ClInclude>
    <ClInclude Include="..\..\src\files\CFileLoaderBMP.h">
      <Filter>files</Filter>
    </ClInclude>
    <ClInclude Include="..\..\src\files\CFileLoaderOBJ.h">
      <Filter>files</Filter>
    </ClInclude>
    <ClInclude Include="..\..\src\files\CFileLoaderTGA.h">
      <Filter>files</Filter>
    </ClInclude>
    <ClInclude Include="..\..\src\files\CImageLoader.h">
      <Filter>files</Filter>
    </ClInclude>
    <ClInclude Include="..\..\src\files\CMeshLoader.h">
      <Filter>files</Filter>
    </ClInclude>
    <ClInclude Include="..\..\src\forces\CGenericPointForceAlgo.h">
      <Filter>forces</Filter>
    </ClInclude>
    <ClInclude Include="..\..\src\forces\CInteractionBasics.h">
      <Filter>forces</Filter>
    </ClInclude>
    <ClInclude Include="..\..\src\forces\CPotentialFieldForceAlgo.h">
      <Filter>forces</Filter>
    </ClInclude>
    <ClInclude Include="..\..\src\forces\CProxyPointForceAlgo.h">
      <Filter>forces</Filter>
    </ClInclude>
    <ClInclude Include="..\..\src\graphics\CColor.h">
      <Filter>graphics</Filter>
    </ClInclude>
    <ClInclude Include="..\..\src\graphics\CDraw3D.h">
      <Filter>graphics</Filter>
    </ClInclude>
    <ClInclude Include="..\..\src\graphics\CGenericTexture.h">
      <Filter>graphics</Filter>
    </ClInclude>
    <ClInclude Include="..\..\src\graphics\CMacrosGL.h">
      <Filter>graphics</Filter>
    </ClInclude>
    <ClInclude Include="..\..\src\graphics\CMaterial.h">
      <Filter>graphics</Filter>
    </ClInclude>
    <ClInclude Include="..\..\src\graphics\CTexture2D.h">
      <Filter>graphics</Filter>
    </ClInclude>
    <ClInclude Include="..\..\src\graphics\CTriangle.h">
      <Filter>graphics</Filter>
    </ClInclude>
    <ClInclude Include="..\..\src\graphics\CVertex.h">
      <Filter>graphics</Filter>
    </ClInclude>
    <ClInclude Include="..\..\src\math\CConstants.h">
      <Filter>math</Filter>
    </ClInclude>
    <ClInclude Include="..\..\src\math\CMaths.h">
      <Filter>math</Filter>
    </ClInclude>
    <ClInclude Include="..\..\src\math\CMatrix3d.h">
      <Filter>math</Filter>
    </ClInclude>
    <ClInclude Include="..\..\src\math\CQuaternion.h">
      <Filter>math</Filter>
    </ClInclude>
    <ClInclude Include="..\..\src\math\CString.h">
      <Filter>math</Filter>
    </ClInclude>
    <ClInclude Include="..\..\src\math\CVector3d.h">
      <Filter>math</Filter>
    </ClInclude>
    <ClInclude Include="..\..\src\scenegraph\CCamera.h">
      <Filter>scenegraph</Filter>
    </ClInclude>
    <ClInclude Include="..\..\src\scenegraph\CGenericObject.h">
      <Filter>scenegraph</Filter>
    </ClInclude>
    <ClInclude Include="..\..\src\scenegraph\CLight.h">
      <Filter>scenegraph</Filter>
    </ClInclude>
    <ClInclude Include="..\..\src\scenegraph\CShapeLine.h">
      <Filter>scenegraph</Filter>
    </ClInclude>
    <ClInclude Include="..\..\src\scenegraph\CShapeSphere.h">
      <Filter>scenegraph</Filter>
    </ClInclude>
    <ClInclude Include="..\..\src\scenegraph\CShapeTorus.h">
      <Filter>scenegraph</Filter>
    </ClInclude>
    <ClInclude Include="..\..\src\scenegraph\CWorld.h">
      <Filter>scenegraph</Filter>
    </ClInclude>
    <ClInclude Include="..\..\src\timers\CPrecisionClock.h">
      <Filter>timers</Filter>
    </ClInclude>
    <ClInclude Include="..\..\src\timers\CThread.h">
      <Filter>timers</Filter>
    </ClInclude>
    <ClInclude Include="..\..\src\tools\CGeneric3dofPointer.h">
      <Filter>tools</Filter>
    </ClInclude>
    <ClInclude Include="..\..\src\tools\CGenericTool.h">
      <Filter>tools</Filter>
    </ClInclude>
    <ClInclude Include="..\..\src\widgets\CBitmap.h">
      <Filter>widgets</Filter>
    </ClInclude>
    <ClInclude Include="..\..\src\widgets\CFont.h">
      <Filter>widgets</Filter>
    </ClInclude>
    <ClInclude Include="..\..\src\widgets\CLabel.h">
      <Filter>widgets</Filter>
    </ClInclude>
    <ClInclude Include="..\..\src\extras\CExtras.h">
      <Filter>extras</Filter>
    </ClInclude>
    <ClInclude Include="..\..\src\extras\CGenericType.h">
      <Filter>extras</Filter>
    </ClInclude>
    <ClInclude Include="..\..\src\extras\CGlobals.h">
      <Filter>extras</Filter>
    </ClInclude>
    <ClInclude Include="..\..\modules\Gel\CGELLinearSpring.h">
      <Filter>module GEL</Filter>
    </ClInclude>
    <ClInclude Include="..\..\modules\Gel\CGELMassParticle.h">
      <Filter>module GEL</Filter>
    </ClInclude>
    <ClInclude Include="..\..\modules\Gel\CGELMesh.h">
      <Filter>module GEL</Filter>
    </ClInclude>
    <ClInclude Include="..\..\modules\Gel\CGELSkeletonLink.h">
      <Filter>module GEL</Filter>
    </ClInclude>
    <ClInclude Include="..\..\modules\Gel\CGELSkeletonNode.h">
      <Filter>module GEL</Filter>
    </ClInclude>
    <ClInclude Include="..\..\modules\Gel\CGELVertex.h">
      <Filter>module GEL</Filter>
    </ClInclude>
    <ClInclude Include="..\..\modules\Gel\CGELWorld.h">
      <Filter>module GEL</Filter>
    </ClInclude>
    <ClInclude Include="..\..\modules\Gel\GEL3D.h">
      <Filter>module GEL</Filter>
    </ClInclude>
    <ClInclude Include="..\..\src\scenegraph\CMesh.h">
      <Filter>module ODE</Filter>
    </ClInclude>
    <ClInclude Include="..\..\modules\Ode\CODE.h">
      <Filter>module ODE</Filter>
    </ClInclude>
    <ClInclude Include="..\..\modules\Ode\CODEGenericBody.h">
      <Filter>module ODE</Filter>
    </ClInclude>
    <ClInclude Include="..\..\modules\Ode\CODEWorld.h">
      <Filter>module ODE</Filter>
    </ClInclude>
    <ClInclude Include="..\..\src\chai3d.h" />
  </ItemGroup>
</Project>